
Microsoft Visual Studio Solution File, Format Version 12.00
# Visual Studio Version 17
VisualStudioVersion = 17.14.36804.6 d17.14
MinimumVisualStudioVersion = 10.0.40219.1
Project("{FAE04EC0-301F-11D3-BF4B-00C04F79EFBC}") = "WpfApp37", "WpfApp37\WpfApp37.csproj", "{CF2D1FE2-08ED-4979-9226-E1A6852860E7}"
EndProject
Global
	GlobalSection(SolutionConfigurationPlatforms) = preSolution
		Debug|Any CPU = Debug|Any CPU
		Release|Any CPU = Release|Any CPU
	EndGlobalSection
	GlobalSection(ProjectConfigurationPlatforms) = postSolution
		{CF2D1FE2-08ED-4979-9226-E1A6852860E7}.Debug|Any CPU.ActiveCfg = Debug|Any CPU
		{CF2D1FE2-08ED-4979-9226-E1A6852860E7}.Debug|Any CPU.Build.0 = Debug|Any CPU
		{CF2D1FE2-08ED-4979-9226-E1A6852860E7}.Release|Any CPU.ActiveCfg = Release|Any CPU
		{CF2D1FE2-08ED-4979-9226-E1A6852860E7}.Release|Any CPU.Build.0 = Release|Any CPU
	EndGlobalSection
	GlobalSection(SolutionProperties) = preSolution
		HideSolutionNode = FALSE
	EndGlobalSection
	GlobalSection(ExtensibilityGlobals) = postSolution
		SolutionGuid = {267AFFA6-C27A-4994-A2CB-65905E444F84}
	EndGlobalSection
EndGlobal
